// !$*UTF8*$!
{
	archiveVersion = 1;
	classes = {
	};
	objectVersion = 46;
	objects = {

/* Begin PBXBuildFile section */
		C09502091E888F6000795A96 /* main.cpp in Sources */ = {isa = PBXBuildFile; fileRef = C09502081E888F6000795A96 /* main.cpp */; };
		C09502161E88904500795A96 /* cForklift.cpp in Sources */ = {isa = PBXBuildFile; fileRef = C09502151E88904500795A96 /* cForklift.cpp */; };
		C095021B1E88906900795A96 /* GLKit.framework in Frameworks */ = {isa = PBXBuildFile; fileRef = C09502181E88906900795A96 /* GLKit.framework */; };
		C095021C1E88906900795A96 /* GLUT.framework in Frameworks */ = {isa = PBXBuildFile; fileRef = C09502191E88906900795A96 /* GLUT.framework */; };
		C095021D1E88906900795A96 /* OpenGL.framework in Frameworks */ = {isa = PBXBuildFile; fileRef = C095021A1E88906900795A96 /* OpenGL.framework */; };
		C095023A1E88931700795A96 /* glm_util.c in Sources */ = {isa = PBXBuildFile; fileRef = C09502321E88931700795A96 /* glm_util.c */; };
		C095023B1E88931700795A96 /* glm.c in Sources */ = {isa = PBXBuildFile; fileRef = C09502331E88931700795A96 /* glm.c */; };
		C095023C1E88931700795A96 /* glmimg_devil.c in Sources */ = {isa = PBXBuildFile; fileRef = C09502341E88931700795A96 /* glmimg_devil.c */; };
		C095023D1E88931700795A96 /* glmimg_jpg.c in Sources */ = {isa = PBXBuildFile; fileRef = C09502351E88931700795A96 /* glmimg_jpg.c */; };
		C095023E1E88931700795A96 /* glmimg_png.c in Sources */ = {isa = PBXBuildFile; fileRef = C09502361E88931700795A96 /* glmimg_png.c */; };
		C095023F1E88931700795A96 /* glmimg_sdl.c in Sources */ = {isa = PBXBuildFile; fileRef = C09502371E88931700795A96 /* glmimg_sdl.c */; };
		C09502401E88931700795A96 /* glmimg_sim.c in Sources */ = {isa = PBXBuildFile; fileRef = C09502381E88931700795A96 /* glmimg_sim.c */; };
		C09502411E88931700795A96 /* glmimg.c in Sources */ = {isa = PBXBuildFile; fileRef = C09502391E88931700795A96 /* glmimg.c */; };
/* End PBXBuildFile section */

/* Begin PBXCopyFilesBuildPhase section */
		C09502031E888F6000795A96 /* CopyFiles */ = {
			isa = PBXCopyFilesBuildPhase;
			buildActionMask = 2147483647;
			dstPath = /usr/share/man/man1/;
			dstSubfolderSpec = 0;
			files = (
			);
			runOnlyForDeploymentPostprocessing = 1;
		};
/* End PBXCopyFilesBuildPhase section */

/* Begin PBXFileReference section */
		C09502051E888F6000795A96 /* Forklift simulator */ = {isa = PBXFileReference; explicitFileType = "compiled.mach-o.executable"; includeInIndex = 0; path = "Forklift simulator"; sourceTree = BUILT_PRODUCTS_DIR; };
		C09502081E888F6000795A96 /* main.cpp */ = {isa = PBXFileReference; lastKnownFileType = sourcecode.cpp.cpp; path = main.cpp; sourceTree = "<group>"; };
		C09502111E88901000795A96 /* ForkLift.mtl */ = {isa = PBXFileReference; fileEncoding = 4; lastKnownFileType = text; path = ForkLift.mtl; sourceTree = "<group>"; };
		C09502121E88901000795A96 /* ForkLift.obj */ = {isa = PBXFileReference; fileEncoding = 4; lastKnownFileType = text; path = ForkLift.obj; sourceTree = "<group>"; };
		C09502141E88903300795A96 /* cForklift.h */ = {isa = PBXFileReference; lastKnownFileType = sourcecode.c.h; path = cForklift.h; sourceTree = "<group>"; };
		C09502151E88904500795A96 /* cForklift.cpp */ = {isa = PBXFileReference; fileEncoding = 4; lastKnownFileType = sourcecode.cpp.cpp; path = cForklift.cpp; sourceTree = "<group>"; };
		C09502181E88906900795A96 /* GLKit.framework */ = {isa = PBXFileReference; lastKnownFileType = wrapper.framework; name = GLKit.framework; path = System/Library/Frameworks/GLKit.framework; sourceTree = SDKROOT; };
		C09502191E88906900795A96 /* GLUT.framework */ = {isa = PBXFileReference; lastKnownFileType = wrapper.framework; name = GLUT.framework; path = System/Library/Frameworks/GLUT.framework; sourceTree = SDKROOT; };
		C095021A1E88906900795A96 /* OpenGL.framework */ = {isa = PBXFileReference; lastKnownFileType = wrapper.framework; name = OpenGL.framework; path = System/Library/Frameworks/OpenGL.framework; sourceTree = SDKROOT; };
		C09502301E8892D100795A96 /* glm.h */ = {isa = PBXFileReference; fileEncoding = 4; lastKnownFileType = sourcecode.c.h; path = glm.h; sourceTree = "<group>"; };
		C09502311E8892D100795A96 /* glmint.h */ = {isa = PBXFileReference; fileEncoding = 4; lastKnownFileType = sourcecode.c.h; path = glmint.h; sourceTree = "<group>"; };
		C09502321E88931700795A96 /* glm_util.c */ = {isa = PBXFileReference; fileEncoding = 4; lastKnownFileType = sourcecode.c.c; path = glm_util.c; sourceTree = "<group>"; };
		C09502331E88931700795A96 /* glm.c */ = {isa = PBXFileReference; fileEncoding = 4; lastKnownFileType = sourcecode.c.c; path = glm.c; sourceTree = "<group>"; };
		C09502341E88931700795A96 /* glmimg_devil.c */ = {isa = PBXFileReference; fileEncoding = 4; lastKnownFileType = sourcecode.c.c; path = glmimg_devil.c; sourceTree = "<group>"; };
		C09502351E88931700795A96 /* glmimg_jpg.c */ = {isa = PBXFileReference; fileEncoding = 4; lastKnownFileType = sourcecode.c.c; path = glmimg_jpg.c; sourceTree = "<group>"; };
		C09502361E88931700795A96 /* glmimg_png.c */ = {isa = PBXFileReference; fileEncoding = 4; lastKnownFileType = sourcecode.c.c; path = glmimg_png.c; sourceTree = "<group>"; };
		C09502371E88931700795A96 /* glmimg_sdl.c */ = {isa = PBXFileReference; fileEncoding = 4; lastKnownFileType = sourcecode.c.c; path = glmimg_sdl.c; sourceTree = "<group>"; };
		C09502381E88931700795A96 /* glmimg_sim.c */ = {isa = PBXFileReference; fileEncoding = 4; lastKnownFileType = sourcecode.c.c; path = glmimg_sim.c; sourceTree = "<group>"; };
		C09502391E88931700795A96 /* glmimg.c */ = {isa = PBXFileReference; fileEncoding = 4; lastKnownFileType = sourcecode.c.c; path = glmimg.c; sourceTree = "<group>"; };
/* End PBXFileReference section */

/* Begin PBXFrameworksBuildPhase section */
		C09502021E888F6000795A96 /* Frameworks */ = {
			isa = PBXFrameworksBuildPhase;
			buildActionMask = 2147483647;
			files = (
				C095021B1E88906900795A96 /* GLKit.framework in Frameworks */,
				C095021C1E88906900795A96 /* GLUT.framework in Frameworks */,
				C095021D1E88906900795A96 /* OpenGL.framework in Frameworks */,
			);
			runOnlyForDeploymentPostprocessing = 0;
		};
/* End PBXFrameworksBuildPhase section */

/* Begin PBXGroup section */
		C09501FC1E888F6000795A96 = {
			isa = PBXGroup;
			children = (
				C09502131E88901F00795A96 /* header */,
				C09502101E888FFF00795A96 /* assets */,
				C09502071E888F6000795A96 /* Forklift simulator */,
				C09502061E888F6000795A96 /* Products */,
				C09502171E88906900795A96 /* Frameworks */,
			);
			sourceTree = "<group>";
		};
		C09502061E888F6000795A96 /* Products */ = {
			isa = PBXGroup;
			children = (
				C09502051E888F6000795A96 /* Forklift simulator */,
			);
			name = Products;
			sourceTree = "<group>";
		};
		C09502071E888F6000795A96 /* Forklift simulator */ = {
			isa = PBXGroup;
			children = (
				C09502321E88931700795A96 /* glm_util.c */,
				C09502331E88931700795A96 /* glm.c */,
				C09502341E88931700795A96 /* glmimg_devil.c */,
				C09502351E88931700795A96 /* glmimg_jpg.c */,
				C09502361E88931700795A96 /* glmimg_png.c */,
				C09502371E88931700795A96 /* glmimg_sdl.c */,
				C09502381E88931700795A96 /* glmimg_sim.c */,
				C09502391E88931700795A96 /* glmimg.c */,
				C09502081E888F6000795A96 /* main.cpp */,
				C09502151E88904500795A96 /* cForklift.cpp */,
			);
			path = "Forklift simulator";
			sourceTree = "<group>";
		};
		C09502101E888FFF00795A96 /* assets */ = {
			isa = PBXGroup;
			children = (
				C09502111E88901000795A96 /* ForkLift.mtl */,
				C09502121E88901000795A96 /* ForkLift.obj */,
			);
			name = assets;
			sourceTree = "<group>";
		};
		C09502131E88901F00795A96 /* header */ = {
			isa = PBXGroup;
			children = (
				C09502301E8892D100795A96 /* glm.h */,
				C09502311E8892D100795A96 /* glmint.h */,
				C09502141E88903300795A96 /* cForklift.h */,
			);
			name = header;
			sourceTree = "<group>";
		};
		C09502171E88906900795A96 /* Frameworks */ = {
			isa = PBXGroup;
			children = (
				C09502181E88906900795A96 /* GLKit.framework */,
				C09502191E88906900795A96 /* GLUT.framework */,
				C095021A1E88906900795A96 /* OpenGL.framework */,
			);
			name = Frameworks;
			sourceTree = "<group>";
		};
/* End PBXGroup section */

/* Begin PBXNativeTarget section */
		C09502041E888F6000795A96 /* Forklift simulator */ = {
			isa = PBXNativeTarget;
			buildConfigurationList = C095020C1E888F6000795A96 /* Build configuration list for PBXNativeTarget "Forklift simulator" */;
			buildPhases = (
				C09502011E888F6000795A96 /* Sources */,
				C09502021E888F6000795A96 /* Frameworks */,
				C09502031E888F6000795A96 /* CopyFiles */,
			);
			buildRules = (
			);
			dependencies = (
			);
			name = "Forklift simulator";
			productName = "Forklift simulator";
			productReference = C09502051E888F6000795A96 /* Forklift simulator */;
			productType = "com.apple.product-type.tool";
		};
/* End PBXNativeTarget section */

/* Begin PBXProject section */
		C09501FD1E888F6000795A96 /* Project object */ = {
			isa = PBXProject;
			attributes = {
				LastUpgradeCheck = 0810;
				ORGANIZATIONNAME = "Jacobo Tapia";
				TargetAttributes = {
					C09502041E888F6000795A96 = {
						CreatedOnToolsVersion = 8.1;
						DevelopmentTeam = HE4EKT63AW;
						ProvisioningStyle = Automatic;
					};
				};
			};
			buildConfigurationList = C09502001E888F6000795A96 /* Build configuration list for PBXProject "Forklift simulator" */;
			compatibilityVersion = "Xcode 3.2";
			developmentRegion = English;
			hasScannedForEncodings = 0;
			knownRegions = (
				en,
			);
			mainGroup = C09501FC1E888F6000795A96;
			productRefGroup = C09502061E888F6000795A96 /* Products */;
			projectDirPath = "";
			projectRoot = "";
			targets = (
				C09502041E888F6000795A96 /* Forklift simulator */,
			);
		};
/* End PBXProject section */

/* Begin PBXSourcesBuildPhase section */
		C09502011E888F6000795A96 /* Sources */ = {
			isa = PBXSourcesBuildPhase;
			buildActionMask = 2147483647;
			files = (
				C09502161E88904500795A96 /* cForklift.cpp in Sources */,
				C09502091E888F6000795A96 /* main.cpp in Sources */,
				C095023B1E88931700795A96 /* glm.c in Sources */,
				C09502401E88931700795A96 /* glmimg_sim.c in Sources */,
				C095023A1E88931700795A96 /* glm_util.c in Sources */,
				C095023F1E88931700795A96 /* glmimg_sdl.c in Sources */,
				C095023D1E88931700795A96 /* glmimg_jpg.c in Sources */,
				C095023E1E88931700795A96 /* glmimg_png.c in Sources */,
				C09502411E88931700795A96 /* glmimg.c in Sources */,
				C095023C1E88931700795A96 /* glmimg_devil.c in Sources */,
			);
			runOnlyForDeploymentPostprocessing = 0;
		};
/* End PBXSourcesBuildPhase section */

/* Begin XCBuildConfiguration section */
		C095020A1E888F6000795A96 /* Debug */ = {
			isa = XCBuildConfiguration;
			buildSettings = {
				ALWAYS_SEARCH_USER_PATHS = NO;
				CLANG_ANALYZER_NONNULL = YES;
				CLANG_CXX_LANGUAGE_STANDARD = "gnu++0x";
				CLANG_CXX_LIBRARY = "libc++";
				CLANG_ENABLE_MODULES = YES;
				CLANG_ENABLE_OBJC_ARC = YES;
				CLANG_WARN_BOOL_CONVERSION = YES;
				CLANG_WARN_CONSTANT_CONVERSION = YES;
				CLANG_WARN_DIRECT_OBJC_ISA_USAGE = YES_ERROR;
				CLANG_WARN_DOCUMENTATION_COMMENTS = YES;
				CLANG_WARN_EMPTY_BODY = YES;
				CLANG_WARN_ENUM_CONVERSION = YES;
				CLANG_WARN_INFINITE_RECURSION = YES;
				CLANG_WARN_INT_CONVERSION = YES;
				CLANG_WARN_OBJC_ROOT_CLASS = YES_ERROR;
				CLANG_WARN_SUSPICIOUS_MOVES = YES;
				CLANG_WARN_UNREACHABLE_CODE = YES;
				CLANG_WARN__DUPLICATE_METHOD_MATCH = YES;
				CODE_SIGN_IDENTITY = "-";
				COPY_PHASE_STRIP = NO;
				DEBUG_INFORMATION_FORMAT = dwarf;
				ENABLE_STRICT_OBJC_MSGSEND = YES;
				ENABLE_TESTABILITY = YES;
				GCC_C_LANGUAGE_STANDARD = gnu99;
				GCC_DYNAMIC_NO_PIC = NO;
				GCC_NO_COMMON_BLOCKS = YES;
				GCC_OPTIMIZATION_LEVEL = 0;
				GCC_PREPROCESSOR_DEFINITIONS = (
					"DEBUG=1",
					"$(inherited)",
				);
				GCC_WARN_64_TO_32_BIT_CONVERSION = YES;
				GCC_WARN_ABOUT_RETURN_TYPE = YES_ERROR;
				GCC_WARN_UNDECLARED_SELECTOR = YES;
				GCC_WARN_UNINITIALIZED_AUTOS = YES_AGGRESSIVE;
				GCC_WARN_UNUSED_FUNCTION = YES;
				GCC_WARN_UNUSED_VARIABLE = YES;
				MACOSX_DEPLOYMENT_TARGET = 10.12;
				MTL_ENABLE_DEBUG_INFO = YES;
				ONLY_ACTIVE_ARCH = YES;
				SDKROOT = macosx;
			};
			name = Debug;
		};
		C095020B1E888F6000795A96 /* Release */ = {
			isa = XCBuildConfiguration;
			buildSettings = {
				ALWAYS_SEARCH_USER_PATHS = NO;
				CLANG_ANALYZER_NONNULL = YES;
				CLANG_CXX_LANGUAGE_STANDARD = "gnu++0x";
				CLANG_CXX_LIBRARY = "libc++";
				CLANG_ENABLE_MODULES = YES;
				CLANG_ENABLE_OBJC_ARC = YES;
				CLANG_WARN_BOOL_CONVERSION = YES;
				CLANG_WARN_CONSTANT_CONVERSION = YES;
				CLANG_WARN_DIRECT_OBJC_ISA_USAGE = YES_ERROR;
				CLANG_WARN_DOCUMENTATION_COMMENTS = YES;
				CLANG_WARN_EMPTY_BODY = YES;
				CLANG_WARN_ENUM_CONVERSION = YES;
				CLANG_WARN_INFINITE_RECURSION = YES;
				CLANG_WARN_INT_CONVERSION = YES;
				CLANG_WARN_OBJC_ROOT_CLASS = YES_ERROR;
				CLANG_WARN_SUSPICIOUS_MOVES = YES;
				CLANG_WARN_UNREACHABLE_CODE = YES;
				CLANG_WARN__DUPLICATE_METHOD_MATCH = YES;
				CODE_SIGN_IDENTITY = "-";
				COPY_PHASE_STRIP = NO;
				DEBUG_INFORMATION_FORMAT = "dwarf-with-dsym";
				ENABLE_NS_ASSERTIONS = NO;
				ENABLE_STRICT_OBJC_MSGSEND = YES;
				GCC_C_LANGUAGE_STANDARD = gnu99;
				GCC_NO_COMMON_BLOCKS = YES;
				GCC_WARN_64_TO_32_BIT_CONVERSION = YES;
				GCC_WARN_ABOUT_RETURN_TYPE = YES_ERROR;
				GCC_WARN_UNDECLARED_SELECTOR = YES;
				GCC_WARN_UNINITIALIZED_AUTOS = YES_AGGRESSIVE;
				GCC_WARN_UNUSED_FUNCTION = YES;
				GCC_WARN_UNUSED_VARIABLE = YES;
				MACOSX_DEPLOYMENT_TARGET = 10.12;
				MTL_ENABLE_DEBUG_INFO = NO;
				SDKROOT = macosx;
			};
			name = Release;
		};
		C095020D1E888F6000795A96 /* Debug */ = {
			isa = XCBuildConfiguration;
			buildSettings = {
				DEVELOPMENT_TEAM = HE4EKT63AW;
				PRODUCT_NAME = "$(TARGET_NAME)";
			};
			name = Debug;
		};
		C095020E1E888F6000795A96 /* Release */ = {
			isa = XCBuildConfiguration;
			buildSettings = {
				DEVELOPMENT_TEAM = HE4EKT63AW;
				PRODUCT_NAME = "$(TARGET_NAME)";
			};
			name = Release;
		};
/* End XCBuildConfiguration section */

/* Begin XCConfigurationList section */
		C09502001E888F6000795A96 /* Build configuration list for PBXProject "Forklift simulator" */ = {
			isa = XCConfigurationList;
			buildConfigurations = (
				C095020A1E888F6000795A96 /* Debug */,
				C095020B1E888F6000795A96 /* Release */,
			);
			defaultConfigurationIsVisible = 0;
			defaultConfigurationName = Release;
		};
		C095020C1E888F6000795A96 /* Build configuration list for PBXNativeTarget "Forklift simulator" */ = {
			isa = XCConfigurationList;
			buildConfigurations = (
				C095020D1E888F6000795A96 /* Debug */,
				C095020E1E888F6000795A96 /* Release */,
			);
			defaultConfigurationIsVisible = 0;
			defaultConfigurationName = Release;
		};
/* End XCConfigurationList section */
	};
	rootObject = C09501FD1E888F6000795A96 /* Project object */;
}
